
Microsoft Visual Studio Solution File, Format Version 12.00
Project("{FAE04EC0-301F-11D3-BF4B-00C04F79EFBC}") = "NetX", "src\NetX\NetX.csproj", "{D0AA27A8-1D42-4DB4-B0BC-A0E11BF2534E}"
EndProject
Project("{FAE04EC0-301F-11D3-BF4B-00C04F79EFBC}") = "NetX.Client", "src\NetX.Client\NetX.Client.csproj", "{E108671E-E935-4FA7-9591-5F6175E8E7B6}"
EndProject
Project("{FAE04EC0-301F-11D3-BF4B-00C04F79EFBC}") = "NetX.Domain", "src\NetX.Domain\NetX.Domain.csproj", "{D79345B3-A113-46F9-9355-C8A20F81D3DB}"
EndProject
Project("{FAE04EC0-301F-11D3-BF4B-00C04F79EFBC}") = "NetX.Application", "src\NetX.Application\NetX.Application.csproj", "{289801F8-7FCD-4CB0-9EEC-D6E3AD8A0DE9}"
EndProject
Project("{FAE04EC0-301F-11D3-BF4B-00C04F79EFBC}") = "NetX.Infrastructure", "src\NetX.Infrastructure\NetX.Infrastructure.csproj", "{B2CDA7CE-0062-4FF4-82E9-D24F922025F4}"
EndProject
Project("{FAE04EC0-301F-11D3-BF4B-00C04F79EFBC}") = "NetX.Shared", "src\NetX.Shared\NetX.Shared.csproj", "{A025A60B-B604-42E6-8A4D-50639AA24D58}"
EndProject
Project("{2150E333-8FDC-42A3-9474-1A3956D46DE8}") = "src", "src", "{7F274DCE-8E66-49DD-B0FC-94E671C657D7}"
EndProject
Project("{2150E333-8FDC-42A3-9474-1A3956D46DE8}") = "tests", "tests", "{D9DDE394-592B-418E-A31C-642DEA8338D4}"
EndProject
Project("{FAE04EC0-301F-11D3-BF4B-00C04F79EFBC}") = "NetX.Tests", "tests\NetX.Tests\NetX.Tests.csproj", "{5B0A4195-B21B-4E6B-A14C-C20498EFD443}"
EndProject
Project("{2150E333-8FDC-42A3-9474-1A3956D46DE8}") = "build", "build", "{8F95A955-3012-4349-9DE0-6E5DFEC47121}"
EndProject
Global
	GlobalSection(SolutionConfigurationPlatforms) = preSolution
		Debug|Any CPU = Debug|Any CPU
		Release|Any CPU = Release|Any CPU
	EndGlobalSection
	GlobalSection(ProjectConfigurationPlatforms) = postSolution
		{D0AA27A8-1D42-4DB4-B0BC-A0E11BF2534E}.Debug|Any CPU.ActiveCfg = Debug|Any CPU
		{D0AA27A8-1D42-4DB4-B0BC-A0E11BF2534E}.Debug|Any CPU.Build.0 = Debug|Any CPU
		{D0AA27A8-1D42-4DB4-B0BC-A0E11BF2534E}.Release|Any CPU.ActiveCfg = Release|Any CPU
		{D0AA27A8-1D42-4DB4-B0BC-A0E11BF2534E}.Release|Any CPU.Build.0 = Release|Any CPU
		{E108671E-E935-4FA7-9591-5F6175E8E7B6}.Debug|Any CPU.ActiveCfg = Debug|Any CPU
		{E108671E-E935-4FA7-9591-5F6175E8E7B6}.Debug|Any CPU.Build.0 = Debug|Any CPU
		{E108671E-E935-4FA7-9591-5F6175E8E7B6}.Release|Any CPU.ActiveCfg = Release|Any CPU
		{E108671E-E935-4FA7-9591-5F6175E8E7B6}.Release|Any CPU.Build.0 = Release|Any CPU
		{D79345B3-A113-46F9-9355-C8A20F81D3DB}.Debug|Any CPU.ActiveCfg = Debug|Any CPU
		{D79345B3-A113-46F9-9355-C8A20F81D3DB}.Debug|Any CPU.Build.0 = Debug|Any CPU
		{D79345B3-A113-46F9-9355-C8A20F81D3DB}.Release|Any CPU.ActiveCfg = Release|Any CPU
		{D79345B3-A113-46F9-9355-C8A20F81D3DB}.Release|Any CPU.Build.0 = Release|Any CPU
		{289801F8-7FCD-4CB0-9EEC-D6E3AD8A0DE9}.Debug|Any CPU.ActiveCfg = Debug|Any CPU
		{289801F8-7FCD-4CB0-9EEC-D6E3AD8A0DE9}.Debug|Any CPU.Build.0 = Debug|Any CPU
		{289801F8-7FCD-4CB0-9EEC-D6E3AD8A0DE9}.Release|Any CPU.ActiveCfg = Release|Any CPU
		{289801F8-7FCD-4CB0-9EEC-D6E3AD8A0DE9}.Release|Any CPU.Build.0 = Release|Any CPU
		{B2CDA7CE-0062-4FF4-82E9-D24F922025F4}.Debug|Any CPU.ActiveCfg = Debug|Any CPU
		{B2CDA7CE-0062-4FF4-82E9-D24F922025F4}.Debug|Any CPU.Build.0 = Debug|Any CPU
		{B2CDA7CE-0062-4FF4-82E9-D24F922025F4}.Release|Any CPU.ActiveCfg = Release|Any CPU
		{B2CDA7CE-0062-4FF4-82E9-D24F922025F4}.Release|Any CPU.Build.0 = Release|Any CPU
		{A025A60B-B604-42E6-8A4D-50639AA24D58}.Debug|Any CPU.ActiveCfg = Debug|Any CPU
		{A025A60B-B604-42E6-8A4D-50639AA24D58}.Debug|Any CPU.Build.0 = Debug|Any CPU
		{A025A60B-B604-42E6-8A4D-50639AA24D58}.Release|Any CPU.ActiveCfg = Release|Any CPU
		{A025A60B-B604-42E6-8A4D-50639AA24D58}.Release|Any CPU.Build.0 = Release|Any CPU
		{5B0A4195-B21B-4E6B-A14C-C20498EFD443}.Debug|Any CPU.ActiveCfg = Debug|Any CPU
		{5B0A4195-B21B-4E6B-A14C-C20498EFD443}.Debug|Any CPU.Build.0 = Debug|Any CPU
		{5B0A4195-B21B-4E6B-A14C-C20498EFD443}.Release|Any CPU.ActiveCfg = Release|Any CPU
		{5B0A4195-B21B-4E6B-A14C-C20498EFD443}.Release|Any CPU.Build.0 = Release|Any CPU
	EndGlobalSection
	GlobalSection(NestedProjects) = preSolution
		{D0AA27A8-1D42-4DB4-B0BC-A0E11BF2534E} = {7F274DCE-8E66-49DD-B0FC-94E671C657D7}
		{289801F8-7FCD-4CB0-9EEC-D6E3AD8A0DE9} = {7F274DCE-8E66-49DD-B0FC-94E671C657D7}
		{E108671E-E935-4FA7-9591-5F6175E8E7B6} = {7F274DCE-8E66-49DD-B0FC-94E671C657D7}
		{D79345B3-A113-46F9-9355-C8A20F81D3DB} = {7F274DCE-8E66-49DD-B0FC-94E671C657D7}
		{B2CDA7CE-0062-4FF4-82E9-D24F922025F4} = {7F274DCE-8E66-49DD-B0FC-94E671C657D7}
		{A025A60B-B604-42E6-8A4D-50639AA24D58} = {7F274DCE-8E66-49DD-B0FC-94E671C657D7}
		{5B0A4195-B21B-4E6B-A14C-C20498EFD443} = {D9DDE394-592B-418E-A31C-642DEA8338D4}
	EndGlobalSection
EndGlobal
